// !$*UTF8*$!
{
	archiveVersion = 1;
	classes = {
	};
	objectVersion = 50;
	objects = {

/* Begin PBXFileReference section */
		65E6E77321821D15003FA80A /* danielbutton_complex.php */ = {isa = PBXFileReference; lastKnownFileType = text.script.php; path = danielbutton_complex.php; sourceTree = "<group>"; };
		65E6E77421822019003FA80A /* list.xml */ = {isa = PBXFileReference; lastKnownFileType = text.xml; path = list.xml; sourceTree = "<group>"; };
/* End PBXFileReference section */

/* Begin PBXGroup section */
		65E6E76C21821C9D003FA80A = {
			isa = PBXGroup;
			children = (
				65E6E77421822019003FA80A /* list.xml */,
				65E6E77321821D15003FA80A /* danielbutton_complex.php */,
			);
			sourceTree = "<group>";
		};
/* End PBXGroup section */

/* Begin PBXProject section */
		65E6E76D21821C9D003FA80A /* Project object */ = {
			isa = PBXProject;
			attributes = {
				LastUpgradeCheck = 1000;
			};
			buildConfigurationList = 65E6E77021821C9D003FA80A /* Build configuration list for PBXProject "complexPHP" */;
			compatibilityVersion = "Xcode 9.3";
			developmentRegion = en;
			hasScannedForEncodings = 0;
			knownRegions = (
				en,
			);
			mainGroup = 65E6E76C21821C9D003FA80A;
			projectDirPath = "";
			projectRoot = "";
			targets = (
			);
		};
/* End PBXProject section */

/* Begin XCBuildConfiguration section */
		65E6E77121821C9D003FA80A /* Debug */ = {
			isa = XCBuildConfiguration;
			buildSettings = {
			};
			name = Debug;
		};
		65E6E77221821C9D003FA80A /* Release */ = {
			isa = XCBuildConfiguration;
			buildSettings = {
			};
			name = Release;
		};
/* End XCBuildConfiguration section */

/* Begin XCConfigurationList section */
		65E6E77021821C9D003FA80A /* Build configuration list for PBXProject "complexPHP" */ = {
			isa = XCConfigurationList;
			buildConfigurations = (
				65E6E77121821C9D003FA80A /* Debug */,
				65E6E77221821C9D003FA80A /* Release */,
			);
			defaultConfigurationIsVisible = 0;
			defaultConfigurationName = Release;
		};
/* End XCConfigurationList section */
	};
	rootObject = 65E6E76D21821C9D003FA80A /* Project object */;
}
